
Microsoft Visual Studio Solution File, Format Version 12.00
# Visual Studio 14
VisualStudioVersion = 14.0.25420.1
MinimumVisualStudioVersion = 10.0.40219.1
Project("{FAE04EC0-301F-11D3-BF4B-00C04F79EFBC}") = "NsFirstapp.Droid", "NsFirstapp\NsFirstapp.Droid\NsFirstapp.Droid.csproj", "{C5C26FB3-D13F-4592-A569-B08D9B9AF5DF}"
EndProject
Project("{FAE04EC0-301F-11D3-BF4B-00C04F79EFBC}") = "NsFirstapp.iOS", "NsFirstapp\NsFirstapp.iOS\NsFirstapp.iOS.csproj", "{D650C419-61CE-4129-867F-1D4B2119C08D}"
EndProject
Project("{FAE04EC0-301F-11D3-BF4B-00C04F79EFBC}") = "NsFirstapp.WinPhone", "NsFirstapp\NsFirstapp.WinPhone\NsFirstapp.WinPhone.csproj", "{89B9D07A-A31E-42BE-8809-147EE84C2FF2}"
EndProject
Project("{FAE04EC0-301F-11D3-BF4B-00C04F79EFBC}") = "NsFirstapp.Windows", "NsFirstapp\NsFirstapp.Windows\NsFirstapp.Windows.csproj", "{D5D6622E-F48C-4CCA-A868-FF4E9C604C29}"
EndProject
Project("{FAE04EC0-301F-11D3-BF4B-00C04F79EFBC}") = "NsFirstapp", "NsFirstapp\NsFirstapp\NsFirstapp.csproj", "{656A6A00-6E94-40B1-8DC1-681CDDD8144D}"
EndProject
Global
	GlobalSection(SolutionConfigurationPlatforms) = preSolution
		Ad-Hoc|Any CPU = Ad-Hoc|Any CPU
		Ad-Hoc|ARM = Ad-Hoc|ARM
		Ad-Hoc|iPhone = Ad-Hoc|iPhone
		Ad-Hoc|iPhoneSimulator = Ad-Hoc|iPhoneSimulator
		Ad-Hoc|x64 = Ad-Hoc|x64
		Ad-Hoc|x86 = Ad-Hoc|x86
		AppStore|Any CPU = AppStore|Any CPU
		AppStore|ARM = AppStore|ARM
		AppStore|iPhone = AppStore|iPhone
		AppStore|iPhoneSimulator = AppStore|iPhoneSimulator
		AppStore|x64 = AppStore|x64
		AppStore|x86 = AppStore|x86
		Debug|Any CPU = Debug|Any CPU
		Debug|ARM = Debug|ARM
		Debug|iPhone = Debug|iPhone
		Debug|iPhoneSimulator = Debug|iPhoneSimulator
		Debug|x64 = Debug|x64
		Debug|x86 = Debug|x86
		Release|Any CPU = Release|Any CPU
		Release|ARM = Release|ARM
		Release|iPhone = Release|iPhone
		Release|iPhoneSimulator = Release|iPhoneSimulator
		Release|x64 = Release|x64
		Release|x86 = Release|x86
	EndGlobalSection
	GlobalSection(ProjectConfigurationPlatforms) = postSolution
		{C5C26FB3-D13F-4592-A569-B08D9B9AF5DF}.Ad-Hoc|Any CPU.ActiveCfg = Release|Any CPU
		{C5C26FB3-D13F-4592-A569-B08D9B9AF5DF}.Ad-Hoc|Any CPU.Build.0 = Release|Any CPU
		{C5C26FB3-D13F-4592-A569-B08D9B9AF5DF}.Ad-Hoc|Any CPU.Deploy.0 = Release|Any CPU
		{C5C26FB3-D13F-4592-A569-B08D9B9AF5DF}.Ad-Hoc|ARM.ActiveCfg = Release|Any CPU
		{C5C26FB3-D13F-4592-A569-B08D9B9AF5DF}.Ad-Hoc|ARM.Build.0 = Release|Any CPU
		{C5C26FB3-D13F-4592-A569-B08D9B9AF5DF}.Ad-Hoc|ARM.Deploy.0 = Release|Any CPU
		{C5C26FB3-D13F-4592-A569-B08D9B9AF5DF}.Ad-Hoc|iPhone.ActiveCfg = Release|Any CPU
		{C5C26FB3-D13F-4592-A569-B08D9B9AF5DF}.Ad-Hoc|iPhone.Build.0 = Release|Any CPU
		{C5C26FB3-D13F-4592-A569-B08D9B9AF5DF}.Ad-Hoc|iPhone.Deploy.0 = Release|Any CPU
		{C5C26FB3-D13F-4592-A569-B08D9B9AF5DF}.Ad-Hoc|iPhoneSimulator.ActiveCfg = Release|Any CPU
		{C5C26FB3-D13F-4592-A569-B08D9B9AF5DF}.Ad-Hoc|iPhoneSimulator.Build.0 = Release|Any CPU
		{C5C26FB3-D13F-4592-A569-B08D9B9AF5DF}.Ad-Hoc|iPhoneSimulator.Deploy.0 = Release|Any CPU
		{C5C26FB3-D13F-4592-A569-B08D9B9AF5DF}.Ad-Hoc|x64.ActiveCfg = Release|Any CPU
		{C5C26FB3-D13F-4592-A569-B08D9B9AF5DF}.Ad-Hoc|x64.Build.0 = Release|Any CPU
		{C5C26FB3-D13F-4592-A569-B08D9B9AF5DF}.Ad-Hoc|x64.Deploy.0 = Release|Any CPU
		{C5C26FB3-D13F-4592-A569-B08D9B9AF5DF}.Ad-Hoc|x86.ActiveCfg = Release|Any CPU
		{C5C26FB3-D13F-4592-A569-B08D9B9AF5DF}.Ad-Hoc|x86.Build.0 = Release|Any CPU
		{C5C26FB3-D13F-4592-A569-B08D9B9AF5DF}.Ad-Hoc|x86.Deploy.0 = Release|Any CPU
		{C5C26FB3-D13F-4592-A569-B08D9B9AF5DF}.AppStore|Any CPU.ActiveCfg = Release|Any CPU
		{C5C26FB3-D13F-4592-A569-B08D9B9AF5DF}.AppStore|Any CPU.Build.0 = Release|Any CPU
		{C5C26FB3-D13F-4592-A569-B08D9B9AF5DF}.AppStore|Any CPU.Deploy.0 = Release|Any CPU
		{C5C26FB3-D13F-4592-A569-B08D9B9AF5DF}.AppStore|ARM.ActiveCfg = Release|Any CPU
		{C5C26FB3-D13F-4592-A569-B08D9B9AF5DF}.AppStore|ARM.Build.0 = Release|Any CPU
		{C5C26FB3-D13F-4592-A569-B08D9B9AF5DF}.AppStore|ARM.Deploy.0 = Release|Any CPU
		{C5C26FB3-D13F-4592-A569-B08D9B9AF5DF}.AppStore|iPhone.ActiveCfg = Release|Any CPU
		{C5C26FB3-D13F-4592-A569-B08D9B9AF5DF}.AppStore|iPhone.Build.0 = Release|Any CPU
		{C5C26FB3-D13F-4592-A569-B08D9B9AF5DF}.AppStore|iPhone.Deploy.0 = Release|Any CPU
		{C5C26FB3-D13F-4592-A569-B08D9B9AF5DF}.AppStore|iPhoneSimulator.ActiveCfg = Release|Any CPU
		{C5C26FB3-D13F-4592-A569-B08D9B9AF5DF}.AppStore|iPhoneSimulator.Build.0 = Release|Any CPU
		{C5C26FB3-D13F-4592-A569-B08D9B9AF5DF}.AppStore|iPhoneSimulator.Deploy.0 = Release|Any CPU
		{C5C26FB3-D13F-4592-A569-B08D9B9AF5DF}.AppStore|x64.ActiveCfg = Release|Any CPU
		{C5C26FB3-D13F-4592-A569-B08D9B9AF5DF}.AppStore|x64.Build.0 = Release|Any CPU
		{C5C26FB3-D13F-4592-A569-B08D9B9AF5DF}.AppStore|x64.Deploy.0 = Release|Any CPU
		{C5C26FB3-D13F-4592-A569-B08D9B9AF5DF}.AppStore|x86.ActiveCfg = Release|Any CPU
		{C5C26FB3-D13F-4592-A569-B08D9B9AF5DF}.AppStore|x86.Build.0 = Release|Any CPU
		{C5C26FB3-D13F-4592-A569-B08D9B9AF5DF}.AppStore|x86.Deploy.0 = Release|Any CPU
		{C5C26FB3-D13F-4592-A569-B08D9B9AF5DF}.Debug|Any CPU.ActiveCfg = Debug|Any CPU
		{C5C26FB3-D13F-4592-A569-B08D9B9AF5DF}.Debug|Any CPU.Build.0 = Debug|Any CPU
		{C5C26FB3-D13F-4592-A569-B08D9B9AF5DF}.Debug|Any CPU.Deploy.0 = Debug|Any CPU
		{C5C26FB3-D13F-4592-A569-B08D9B9AF5DF}.Debug|ARM.ActiveCfg = Debug|Any CPU
		{C5C26FB3-D13F-4592-A569-B08D9B9AF5DF}.Debug|ARM.Build.0 = Debug|Any CPU
		{C5C26FB3-D13F-4592-A569-B08D9B9AF5DF}.Debug|ARM.Deploy.0 = Debug|Any CPU
		{C5C26FB3-D13F-4592-A569-B08D9B9AF5DF}.Debug|iPhone.ActiveCfg = Debug|Any CPU
		{C5C26FB3-D13F-4592-A569-B08D9B9AF5DF}.Debug|iPhone.Build.0 = Debug|Any CPU
		{C5C26FB3-D13F-4592-A569-B08D9B9AF5DF}.Debug|iPhone.Deploy.0 = Debug|Any CPU
		{C5C26FB3-D13F-4592-A569-B08D9B9AF5DF}.Debug|iPhoneSimulator.ActiveCfg = Debug|Any CPU
		{C5C26FB3-D13F-4592-A569-B08D9B9AF5DF}.Debug|iPhoneSimulator.Build.0 = Debug|Any CPU
		{C5C26FB3-D13F-4592-A569-B08D9B9AF5DF}.Debug|iPhoneSimulator.Deploy.0 = Debug|Any CPU
		{C5C26FB3-D13F-4592-A569-B08D9B9AF5DF}.Debug|x64.ActiveCfg = Debug|Any CPU
		{C5C26FB3-D13F-4592-A569-B08D9B9AF5DF}.Debug|x64.Build.0 = Debug|Any CPU
		{C5C26FB3-D13F-4592-A569-B08D9B9AF5DF}.Debug|x64.Deploy.0 = Debug|Any CPU
		{C5C26FB3-D13F-4592-A569-B08D9B9AF5DF}.Debug|x86.ActiveCfg = Debug|Any CPU
		{C5C26FB3-D13F-4592-A569-B08D9B9AF5DF}.Debug|x86.Build.0 = Debug|Any CPU
		{C5C26FB3-D13F-4592-A569-B08D9B9AF5DF}.Debug|x86.Deploy.0 = Debug|Any CPU
		{C5C26FB3-D13F-4592-A569-B08D9B9AF5DF}.Release|Any CPU.ActiveCfg = Release|Any CPU
		{C5C26FB3-D13F-4592-A569-B08D9B9AF5DF}.Release|Any CPU.Build.0 = Release|Any CPU
		{C5C26FB3-D13F-4592-A569-B08D9B9AF5DF}.Release|Any CPU.Deploy.0 = Release|Any CPU
		{C5C26FB3-D13F-4592-A569-B08D9B9AF5DF}.Release|ARM.ActiveCfg = Release|Any CPU
		{C5C26FB3-D13F-4592-A569-B08D9B9AF5DF}.Release|ARM.Build.0 = Release|Any CPU
		{C5C26FB3-D13F-4592-A569-B08D9B9AF5DF}.Release|ARM.Deploy.0 = Release|Any CPU
		{C5C26FB3-D13F-4592-A569-B08D9B9AF5DF}.Release|iPhone.ActiveCfg = Release|Any CPU
		{C5C26FB3-D13F-4592-A569-B08D9B9AF5DF}.Release|iPhone.Build.0 = Release|Any CPU
		{C5C26FB3-D13F-4592-A569-B08D9B9AF5DF}.Release|iPhone.Deploy.0 = Release|Any CPU
		{C5C26FB3-D13F-4592-A569-B08D9B9AF5DF}.Release|iPhoneSimulator.ActiveCfg = Release|Any CPU
		{C5C26FB3-D13F-4592-A569-B08D9B9AF5DF}.Release|iPhoneSimulator.Build.0 = Release|Any CPU
		{C5C26FB3-D13F-4592-A569-B08D9B9AF5DF}.Release|iPhoneSimulator.Deploy.0 = Release|Any CPU
		{C5C26FB3-D13F-4592-A569-B08D9B9AF5DF}.Release|x64.ActiveCfg = Release|Any CPU
		{C5C26FB3-D13F-4592-A569-B08D9B9AF5DF}.Release|x64.Build.0 = Release|Any CPU
		{C5C26FB3-D13F-4592-A569-B08D9B9AF5DF}.Release|x64.Deploy.0 = Release|Any CPU
		{C5C26FB3-D13F-4592-A569-B08D9B9AF5DF}.Release|x86.ActiveCfg = Release|Any CPU
		{C5C26FB3-D13F-4592-A569-B08D9B9AF5DF}.Release|x86.Build.0 = Release|Any CPU
		{C5C26FB3-D13F-4592-A569-B08D9B9AF5DF}.Release|x86.Deploy.0 = Release|Any CPU
		{D650C419-61CE-4129-867F-1D4B2119C08D}.Ad-Hoc|Any CPU.ActiveCfg = Ad-Hoc|iPhone
		{D650C419-61CE-4129-867F-1D4B2119C08D}.Ad-Hoc|ARM.ActiveCfg = Ad-Hoc|iPhone
		{D650C419-61CE-4129-867F-1D4B2119C08D}.Ad-Hoc|iPhone.ActiveCfg = Ad-Hoc|iPhone
		{D650C419-61CE-4129-867F-1D4B2119C08D}.Ad-Hoc|iPhone.Build.0 = Ad-Hoc|iPhone
		{D650C419-61CE-4129-867F-1D4B2119C08D}.Ad-Hoc|iPhoneSimulator.ActiveCfg = Ad-Hoc|iPhoneSimulator
		{D650C419-61CE-4129-867F-1D4B2119C08D}.Ad-Hoc|iPhoneSimulator.Build.0 = Ad-Hoc|iPhoneSimulator
		{D650C419-61CE-4129-867F-1D4B2119C08D}.Ad-Hoc|x64.ActiveCfg = Ad-Hoc|iPhone
		{D650C419-61CE-4129-867F-1D4B2119C08D}.Ad-Hoc|x86.ActiveCfg = Ad-Hoc|iPhone
		{D650C419-61CE-4129-867F-1D4B2119C08D}.AppStore|Any CPU.ActiveCfg = AppStore|iPhone
		{D650C419-61CE-4129-867F-1D4B2119C08D}.AppStore|ARM.ActiveCfg = AppStore|iPhone
		{D650C419-61CE-4129-867F-1D4B2119C08D}.AppStore|iPhone.ActiveCfg = AppStore|iPhone
		{D650C419-61CE-4129-867F-1D4B2119C08D}.AppStore|iPhone.Build.0 = AppStore|iPhone
		{D650C419-61CE-4129-867F-1D4B2119C08D}.AppStore|iPhoneSimulator.ActiveCfg = AppStore|iPhoneSimulator
		{D650C419-61CE-4129-867F-1D4B2119C08D}.AppStore|iPhoneSimulator.Build.0 = AppStore|iPhoneSimulator
		{D650C419-61CE-4129-867F-1D4B2119C08D}.AppStore|x64.ActiveCfg = AppStore|iPhone
		{D650C419-61CE-4129-867F-1D4B2119C08D}.AppStore|x86.ActiveCfg = AppStore|iPhone
		{D650C419-61CE-4129-867F-1D4B2119C08D}.Debug|Any CPU.ActiveCfg = Debug|iPhone
		{D650C419-61CE-4129-867F-1D4B2119C08D}.Debug|ARM.ActiveCfg = Debug|iPhone
		{D650C419-61CE-4129-867F-1D4B2119C08D}.Debug|iPhone.ActiveCfg = Debug|iPhone
		{D650C419-61CE-4129-867F-1D4B2119C08D}.Debug|iPhone.Build.0 = Debug|iPhone
		{D650C419-61CE-4129-867F-1D4B2119C08D}.Debug|iPhoneSimulator.ActiveCfg = Debug|iPhoneSimulator
		{D650C419-61CE-4129-867F-1D4B2119C08D}.Debug|iPhoneSimulator.Build.0 = Debug|iPhoneSimulator
		{D650C419-61CE-4129-867F-1D4B2119C08D}.Debug|x64.ActiveCfg = Debug|iPhone
		{D650C419-61CE-4129-867F-1D4B2119C08D}.Debug|x86.ActiveCfg = Debug|iPhone
		{D650C419-61CE-4129-867F-1D4B2119C08D}.Release|Any CPU.ActiveCfg = Release|iPhone
		{D650C419-61CE-4129-867F-1D4B2119C08D}.Release|ARM.ActiveCfg = Release|iPhone
		{D650C419-61CE-4129-867F-1D4B2119C08D}.Release|iPhone.ActiveCfg = Release|iPhone
		{D650C419-61CE-4129-867F-1D4B2119C08D}.Release|iPhone.Build.0 = Release|iPhone
		{D650C419-61CE-4129-867F-1D4B2119C08D}.Release|iPhoneSimulator.ActiveCfg = Release|iPhoneSimulator
		{D650C419-61CE-4129-867F-1D4B2119C08D}.Release|iPhoneSimulator.Build.0 = Release|iPhoneSimulator
		{D650C419-61CE-4129-867F-1D4B2119C08D}.Release|x64.ActiveCfg = Release|iPhone
		{D650C419-61CE-4129-867F-1D4B2119C08D}.Release|x86.ActiveCfg = Release|iPhone
		{89B9D07A-A31E-42BE-8809-147EE84C2FF2}.Ad-Hoc|Any CPU.ActiveCfg = Release|Any CPU
		{89B9D07A-A31E-42BE-8809-147EE84C2FF2}.Ad-Hoc|Any CPU.Build.0 = Release|Any CPU
		{89B9D07A-A31E-42BE-8809-147EE84C2FF2}.Ad-Hoc|Any CPU.Deploy.0 = Release|Any CPU
		{89B9D07A-A31E-42BE-8809-147EE84C2FF2}.Ad-Hoc|ARM.ActiveCfg = Release|ARM
		{89B9D07A-A31E-42BE-8809-147EE84C2FF2}.Ad-Hoc|ARM.Build.0 = Release|ARM
		{89B9D07A-A31E-42BE-8809-147EE84C2FF2}.Ad-Hoc|ARM.Deploy.0 = Release|ARM
		{89B9D07A-A31E-42BE-8809-147EE84C2FF2}.Ad-Hoc|iPhone.ActiveCfg = Release|Any CPU
		{89B9D07A-A31E-42BE-8809-147EE84C2FF2}.Ad-Hoc|iPhone.Build.0 = Release|Any CPU
		{89B9D07A-A31E-42BE-8809-147EE84C2FF2}.Ad-Hoc|iPhone.Deploy.0 = Release|Any CPU
		{89B9D07A-A31E-42BE-8809-147EE84C2FF2}.Ad-Hoc|iPhoneSimulator.ActiveCfg = Release|Any CPU
		{89B9D07A-A31E-42BE-8809-147EE84C2FF2}.Ad-Hoc|iPhoneSimulator.Build.0 = Release|Any CPU
		{89B9D07A-A31E-42BE-8809-147EE84C2FF2}.Ad-Hoc|iPhoneSimulator.Deploy.0 = Release|Any CPU
		{89B9D07A-A31E-42BE-8809-147EE84C2FF2}.Ad-Hoc|x64.ActiveCfg = Release|Any CPU
		{89B9D07A-A31E-42BE-8809-147EE84C2FF2}.Ad-Hoc|x64.Build.0 = Release|Any CPU
		{89B9D07A-A31E-42BE-8809-147EE84C2FF2}.Ad-Hoc|x64.Deploy.0 = Release|Any CPU
		{89B9D07A-A31E-42BE-8809-147EE84C2FF2}.Ad-Hoc|x86.ActiveCfg = Release|x86
		{89B9D07A-A31E-42BE-8809-147EE84C2FF2}.Ad-Hoc|x86.Build.0 = Release|x86
		{89B9D07A-A31E-42BE-8809-147EE84C2FF2}.Ad-Hoc|x86.Deploy.0 = Release|x86
		{89B9D07A-A31E-42BE-8809-147EE84C2FF2}.AppStore|Any CPU.ActiveCfg = Release|Any CPU
		{89B9D07A-A31E-42BE-8809-147EE84C2FF2}.AppStore|Any CPU.Build.0 = Release|Any CPU
		{89B9D07A-A31E-42BE-8809-147EE84C2FF2}.AppStore|Any CPU.Deploy.0 = Release|Any CPU
		{89B9D07A-A31E-42BE-8809-147EE84C2FF2}.AppStore|ARM.ActiveCfg = Release|ARM
		{89B9D07A-A31E-42BE-8809-147EE84C2FF2}.AppStore|ARM.Build.0 = Release|ARM
		{89B9D07A-A31E-42BE-8809-147EE84C2FF2}.AppStore|ARM.Deploy.0 = Release|ARM
		{89B9D07A-A31E-42BE-8809-147EE84C2FF2}.AppStore|iPhone.ActiveCfg = Release|Any CPU
		{89B9D07A-A31E-42BE-8809-147EE84C2FF2}.AppStore|iPhone.Build.0 = Release|Any CPU
		{89B9D07A-A31E-42BE-8809-147EE84C2FF2}.AppStore|iPhone.Deploy.0 = Release|Any CPU
		{89B9D07A-A31E-42BE-8809-147EE84C2FF2}.AppStore|iPhoneSimulator.ActiveCfg = Release|Any CPU
		{89B9D07A-A31E-42BE-8809-147EE84C2FF2}.AppStore|iPhoneSimulator.Build.0 = Release|Any CPU
		{89B9D07A-A31E-42BE-8809-147EE84C2FF2}.AppStore|iPhoneSimulator.Deploy.0 = Release|Any CPU
		{89B9D07A-A31E-42BE-8809-147EE84C2FF2}.AppStore|x64.ActiveCfg = Release|Any CPU
		{89B9D07A-A31E-42BE-8809-147EE84C2FF2}.AppStore|x64.Build.0 = Release|Any CPU
		{89B9D07A-A31E-42BE-8809-147EE84C2FF2}.AppStore|x64.Deploy.0 = Release|Any CPU
		{89B9D07A-A31E-42BE-8809-147EE84C2FF2}.AppStore|x86.ActiveCfg = Release|x86
		{89B9D07A-A31E-42BE-8809-147EE84C2FF2}.AppStore|x86.Build.0 = Release|x86
		{89B9D07A-A31E-42BE-8809-147EE84C2FF2}.AppStore|x86.Deploy.0 = Release|x86
		{89B9D07A-A31E-42BE-8809-147EE84C2FF2}.Debug|Any CPU.ActiveCfg = Debug|Any CPU
		{89B9D07A-A31E-42BE-8809-147EE84C2FF2}.Debug|Any CPU.Build.0 = Debug|Any CPU
		{89B9D07A-A31E-42BE-8809-147EE84C2FF2}.Debug|Any CPU.Deploy.0 = Debug|Any CPU
		{89B9D07A-A31E-42BE-8809-147EE84C2FF2}.Debug|ARM.ActiveCfg = Debug|ARM
		{89B9D07A-A31E-42BE-8809-147EE84C2FF2}.Debug|ARM.Build.0 = Debug|ARM
		{89B9D07A-A31E-42BE-8809-147EE84C2FF2}.Debug|ARM.Deploy.0 = Debug|ARM
		{89B9D07A-A31E-42BE-8809-147EE84C2FF2}.Debug|iPhone.ActiveCfg = Debug|Any CPU
		{89B9D07A-A31E-42BE-8809-147EE84C2FF2}.Debug|iPhone.Build.0 = Debug|Any CPU
		{89B9D07A-A31E-42BE-8809-147EE84C2FF2}.Debug|iPhone.Deploy.0 = Debug|Any CPU
		{89B9D07A-A31E-42BE-8809-147EE84C2FF2}.Debug|iPhoneSimulator.ActiveCfg = Debug|Any CPU
		{89B9D07A-A31E-42BE-8809-147EE84C2FF2}.Debug|iPhoneSimulator.Build.0 = Debug|Any CPU
		{89B9D07A-A31E-42BE-8809-147EE84C2FF2}.Debug|iPhoneSimulator.Deploy.0 = Debug|Any CPU
		{89B9D07A-A31E-42BE-8809-147EE84C2FF2}.Debug|x64.ActiveCfg = Debug|Any CPU
		{89B9D07A-A31E-42BE-8809-147EE84C2FF2}.Debug|x64.Build.0 = Debug|Any CPU
		{89B9D07A-A31E-42BE-8809-147EE84C2FF2}.Debug|x64.Deploy.0 = Debug|Any CPU
		{89B9D07A-A31E-42BE-8809-147EE84C2FF2}.Debug|x86.ActiveCfg = Debug|x86
		{89B9D07A-A31E-42BE-8809-147EE84C2FF2}.Debug|x86.Build.0 = Debug|x86
		{89B9D07A-A31E-42BE-8809-147EE84C2FF2}.Debug|x86.Deploy.0 = Debug|x86
		{89B9D07A-A31E-42BE-8809-147EE84C2FF2}.Release|Any CPU.ActiveCfg = Release|Any CPU
		{89B9D07A-A31E-42BE-8809-147EE84C2FF2}.Release|Any CPU.Build.0 = Release|Any CPU
		{89B9D07A-A31E-42BE-8809-147EE84C2FF2}.Release|Any CPU.Deploy.0 = Release|Any CPU
		{89B9D07A-A31E-42BE-8809-147EE84C2FF2}.Release|ARM.ActiveCfg = Release|ARM
		{89B9D07A-A31E-42BE-8809-147EE84C2FF2}.Release|ARM.Build.0 = Release|ARM
		{89B9D07A-A31E-42BE-8809-147EE84C2FF2}.Release|ARM.Deploy.0 = Release|ARM
		{89B9D07A-A31E-42BE-8809-147EE84C2FF2}.Release|iPhone.ActiveCfg = Release|Any CPU
		{89B9D07A-A31E-42BE-8809-147EE84C2FF2}.Release|iPhone.Build.0 = Release|Any CPU
		{89B9D07A-A31E-42BE-8809-147EE84C2FF2}.Release|iPhone.Deploy.0 = Release|Any CPU
		{89B9D07A-A31E-42BE-8809-147EE84C2FF2}.Release|iPhoneSimulator.ActiveCfg = Release|Any CPU
		{89B9D07A-A31E-42BE-8809-147EE84C2FF2}.Release|iPhoneSimulator.Build.0 = Release|Any CPU
		{89B9D07A-A31E-42BE-8809-147EE84C2FF2}.Release|iPhoneSimulator.Deploy.0 = Release|Any CPU
		{89B9D07A-A31E-42BE-8809-147EE84C2FF2}.Release|x64.ActiveCfg = Release|Any CPU
		{89B9D07A-A31E-42BE-8809-147EE84C2FF2}.Release|x64.Build.0 = Release|Any CPU
		{89B9D07A-A31E-42BE-8809-147EE84C2FF2}.Release|x64.Deploy.0 = Release|Any CPU
		{89B9D07A-A31E-42BE-8809-147EE84C2FF2}.Release|x86.ActiveCfg = Release|x86
		{89B9D07A-A31E-42BE-8809-147EE84C2FF2}.Release|x86.Build.0 = Release|x86
		{89B9D07A-A31E-42BE-8809-147EE84C2FF2}.Release|x86.Deploy.0 = Release|x86
		{D5D6622E-F48C-4CCA-A868-FF4E9C604C29}.Ad-Hoc|Any CPU.ActiveCfg = Release|Any CPU
		{D5D6622E-F48C-4CCA-A868-FF4E9C604C29}.Ad-Hoc|Any CPU.Build.0 = Release|Any CPU
		{D5D6622E-F48C-4CCA-A868-FF4E9C604C29}.Ad-Hoc|Any CPU.Deploy.0 = Release|Any CPU
		{D5D6622E-F48C-4CCA-A868-FF4E9C604C29}.Ad-Hoc|ARM.ActiveCfg = Release|ARM
		{D5D6622E-F48C-4CCA-A868-FF4E9C604C29}.Ad-Hoc|ARM.Build.0 = Release|ARM
		{D5D6622E-F48C-4CCA-A868-FF4E9C604C29}.Ad-Hoc|ARM.Deploy.0 = Release|ARM
		{D5D6622E-F48C-4CCA-A868-FF4E9C604C29}.Ad-Hoc|iPhone.ActiveCfg = Release|Any CPU
		{D5D6622E-F48C-4CCA-A868-FF4E9C604C29}.Ad-Hoc|iPhone.Build.0 = Release|Any CPU
		{D5D6622E-F48C-4CCA-A868-FF4E9C604C29}.Ad-Hoc|iPhone.Deploy.0 = Release|Any CPU
		{D5D6622E-F48C-4CCA-A868-FF4E9C604C29}.Ad-Hoc|iPhoneSimulator.ActiveCfg = Release|Any CPU
		{D5D6622E-F48C-4CCA-A868-FF4E9C604C29}.Ad-Hoc|iPhoneSimulator.Build.0 = Release|Any CPU
		{D5D6622E-F48C-4CCA-A868-FF4E9C604C29}.Ad-Hoc|iPhoneSimulator.Deploy.0 = Release|Any CPU
		{D5D6622E-F48C-4CCA-A868-FF4E9C604C29}.Ad-Hoc|x64.ActiveCfg = Release|x64
		{D5D6622E-F48C-4CCA-A868-FF4E9C604C29}.Ad-Hoc|x64.Build.0 = Release|x64
		{D5D6622E-F48C-4CCA-A868-FF4E9C604C29}.Ad-Hoc|x64.Deploy.0 = Release|x64
		{D5D6622E-F48C-4CCA-A868-FF4E9C604C29}.Ad-Hoc|x86.ActiveCfg = Release|x86
		{D5D6622E-F48C-4CCA-A868-FF4E9C604C29}.Ad-Hoc|x86.Build.0 = Release|x86
		{D5D6622E-F48C-4CCA-A868-FF4E9C604C29}.Ad-Hoc|x86.Deploy.0 = Release|x86
		{D5D6622E-F48C-4CCA-A868-FF4E9C604C29}.AppStore|Any CPU.ActiveCfg = Release|Any CPU
		{D5D6622E-F48C-4CCA-A868-FF4E9C604C29}.AppStore|Any CPU.Build.0 = Release|Any CPU
		{D5D6622E-F48C-4CCA-A868-FF4E9C604C29}.AppStore|Any CPU.Deploy.0 = Release|Any CPU
		{D5D6622E-F48C-4CCA-A868-FF4E9C604C29}.AppStore|ARM.ActiveCfg = Release|ARM
		{D5D6622E-F48C-4CCA-A868-FF4E9C604C29}.AppStore|ARM.Build.0 = Release|ARM
		{D5D6622E-F48C-4CCA-A868-FF4E9C604C29}.AppStore|ARM.Deploy.0 = Release|ARM
		{D5D6622E-F48C-4CCA-A868-FF4E9C604C29}.AppStore|iPhone.ActiveCfg = Release|Any CPU
		{D5D6622E-F48C-4CCA-A868-FF4E9C604C29}.AppStore|iPhone.Build.0 = Release|Any CPU
		{D5D6622E-F48C-4CCA-A868-FF4E9C604C29}.AppStore|iPhone.Deploy.0 = Release|Any CPU
		{D5D6622E-F48C-4CCA-A868-FF4E9C604C29}.AppStore|iPhoneSimulator.ActiveCfg = Release|Any CPU
		{D5D6622E-F48C-4CCA-A868-FF4E9C604C29}.AppStore|iPhoneSimulator.Build.0 = Release|Any CPU
		{D5D6622E-F48C-4CCA-A868-FF4E9C604C29}.AppStore|iPhoneSimulator.Deploy.0 = Release|Any CPU
		{D5D6622E-F48C-4CCA-A868-FF4E9C604C29}.AppStore|x64.ActiveCfg = Release|x64
		{D5D6622E-F48C-4CCA-A868-FF4E9C604C29}.AppStore|x64.Build.0 = Release|x64
		{D5D6622E-F48C-4CCA-A868-FF4E9C604C29}.AppStore|x64.Deploy.0 = Release|x64
		{D5D6622E-F48C-4CCA-A868-FF4E9C604C29}.AppStore|x86.ActiveCfg = Release|x86
		{D5D6622E-F48C-4CCA-A868-FF4E9C604C29}.AppStore|x86.Build.0 = Release|x86
		{D5D6622E-F48C-4CCA-A868-FF4E9C604C29}.AppStore|x86.Deploy.0 = Release|x86
		{D5D6622E-F48C-4CCA-A868-FF4E9C604C29}.Debug|Any CPU.ActiveCfg = Debug|Any CPU
		{D5D6622E-F48C-4CCA-A868-FF4E9C604C29}.Debug|Any CPU.Build.0 = Debug|Any CPU
		{D5D6622E-F48C-4CCA-A868-FF4E9C604C29}.Debug|Any CPU.Deploy.0 = Debug|Any CPU
		{D5D6622E-F48C-4CCA-A868-FF4E9C604C29}.Debug|ARM.ActiveCfg = Debug|ARM
		{D5D6622E-F48C-4CCA-A868-FF4E9C604C29}.Debug|ARM.Build.0 = Debug|ARM
		{D5D6622E-F48C-4CCA-A868-FF4E9C604C29}.Debug|ARM.Deploy.0 = Debug|ARM
		{D5D6622E-F48C-4CCA-A868-FF4E9C604C29}.Debug|iPhone.ActiveCfg = Debug|Any CPU
		{D5D6622E-F48C-4CCA-A868-FF4E9C604C29}.Debug|iPhone.Build.0 = Debug|Any CPU
		{D5D6622E-F48C-4CCA-A868-FF4E9C604C29}.Debug|iPhone.Deploy.0 = Debug|Any CPU
		{D5D6622E-F48C-4CCA-A868-FF4E9C604C29}.Debug|iPhoneSimulator.ActiveCfg = Debug|Any CPU
		{D5D6622E-F48C-4CCA-A868-FF4E9C604C29}.Debug|iPhoneSimulator.Build.0 = Debug|Any CPU
		{D5D6622E-F48C-4CCA-A868-FF4E9C604C29}.Debug|iPhoneSimulator.Deploy.0 = Debug|Any CPU
		{D5D6622E-F48C-4CCA-A868-FF4E9C604C29}.Debug|x64.ActiveCfg = Debug|x64
		{D5D6622E-F48C-4CCA-A868-FF4E9C604C29}.Debug|x64.Build.0 = Debug|x64
		{D5D6622E-F48C-4CCA-A868-FF4E9C604C29}.Debug|x64.Deploy.0 = Debug|x64
		{D5D6622E-F48C-4CCA-A868-FF4E9C604C29}.Debug|x86.ActiveCfg = Debug|x86
		{D5D6622E-F48C-4CCA-A868-FF4E9C604C29}.Debug|x86.Build.0 = Debug|x86
		{D5D6622E-F48C-4CCA-A868-FF4E9C604C29}.Debug|x86.Deploy.0 = Debug|x86
		{D5D6622E-F48C-4CCA-A868-FF4E9C604C29}.Release|Any CPU.ActiveCfg = Release|Any CPU
		{D5D6622E-F48C-4CCA-A868-FF4E9C604C29}.Release|Any CPU.Build.0 = Release|Any CPU
		{D5D6622E-F48C-4CCA-A868-FF4E9C604C29}.Release|Any CPU.Deploy.0 = Release|Any CPU
		{D5D6622E-F48C-4CCA-A868-FF4E9C604C29}.Release|ARM.ActiveCfg = Release|ARM
		{D5D6622E-F48C-4CCA-A868-FF4E9C604C29}.Release|ARM.Build.0 = Release|ARM
		{D5D6622E-F48C-4CCA-A868-FF4E9C604C29}.Release|ARM.Deploy.0 = Release|ARM
		{D5D6622E-F48C-4CCA-A868-FF4E9C604C29}.Release|iPhone.ActiveCfg = Release|Any CPU
		{D5D6622E-F48C-4CCA-A868-FF4E9C604C29}.Release|iPhone.Build.0 = Release|Any CPU
		{D5D6622E-F48C-4CCA-A868-FF4E9C604C29}.Release|iPhone.Deploy.0 = Release|Any CPU
		{D5D6622E-F48C-4CCA-A868-FF4E9C604C29}.Release|iPhoneSimulator.ActiveCfg = Release|Any CPU
		{D5D6622E-F48C-4CCA-A868-FF4E9C604C29}.Release|iPhoneSimulator.Build.0 = Release|Any CPU
		{D5D6622E-F48C-4CCA-A868-FF4E9C604C29}.Release|iPhoneSimulator.Deploy.0 = Release|Any CPU
		{D5D6622E-F48C-4CCA-A868-FF4E9C604C29}.Release|x64.ActiveCfg = Release|x64
		{D5D6622E-F48C-4CCA-A868-FF4E9C604C29}.Release|x64.Build.0 = Release|x64
		{D5D6622E-F48C-4CCA-A868-FF4E9C604C29}.Release|x64.Deploy.0 = Release|x64
		{D5D6622E-F48C-4CCA-A868-FF4E9C604C29}.Release|x86.ActiveCfg = Release|x86
		{D5D6622E-F48C-4CCA-A868-FF4E9C604C29}.Release|x86.Build.0 = Release|x86
		{D5D6622E-F48C-4CCA-A868-FF4E9C604C29}.Release|x86.Deploy.0 = Release|x86
		{656A6A00-6E94-40B1-8DC1-681CDDD8144D}.Ad-Hoc|Any CPU.ActiveCfg = Release|Any CPU
		{656A6A00-6E94-40B1-8DC1-681CDDD8144D}.Ad-Hoc|Any CPU.Build.0 = Release|Any CPU
		{656A6A00-6E94-40B1-8DC1-681CDDD8144D}.Ad-Hoc|ARM.ActiveCfg = Release|Any CPU
		{656A6A00-6E94-40B1-8DC1-681CDDD8144D}.Ad-Hoc|ARM.Build.0 = Release|Any CPU
		{656A6A00-6E94-40B1-8DC1-681CDDD8144D}.Ad-Hoc|iPhone.ActiveCfg = Release|Any CPU
		{656A6A00-6E94-40B1-8DC1-681CDDD8144D}.Ad-Hoc|iPhone.Build.0 = Release|Any CPU
		{656A6A00-6E94-40B1-8DC1-681CDDD8144D}.Ad-Hoc|iPhoneSimulator.ActiveCfg = Release|Any CPU
		{656A6A00-6E94-40B1-8DC1-681CDDD8144D}.Ad-Hoc|iPhoneSimulator.Build.0 = Release|Any CPU
		{656A6A00-6E94-40B1-8DC1-681CDDD8144D}.Ad-Hoc|x64.ActiveCfg = Release|Any CPU
		{656A6A00-6E94-40B1-8DC1-681CDDD8144D}.Ad-Hoc|x64.Build.0 = Release|Any CPU
		{656A6A00-6E94-40B1-8DC1-681CDDD8144D}.Ad-Hoc|x86.ActiveCfg = Release|Any CPU
		{656A6A00-6E94-40B1-8DC1-681CDDD8144D}.Ad-Hoc|x86.Build.0 = Release|Any CPU
		{656A6A00-6E94-40B1-8DC1-681CDDD8144D}.AppStore|Any CPU.ActiveCfg = Release|Any CPU
		{656A6A00-6E94-40B1-8DC1-681CDDD8144D}.AppStore|Any CPU.Build.0 = Release|Any CPU
		{656A6A00-6E94-40B1-8DC1-681CDDD8144D}.AppStore|ARM.ActiveCfg = Release|Any CPU
		{656A6A00-6E94-40B1-8DC1-681CDDD8144D}.AppStore|ARM.Build.0 = Release|Any CPU
		{656A6A00-6E94-40B1-8DC1-681CDDD8144D}.AppStore|iPhone.ActiveCfg = Release|Any CPU
		{656A6A00-6E94-40B1-8DC1-681CDDD8144D}.AppStore|iPhone.Build.0 = Release|Any CPU
		{656A6A00-6E94-40B1-8DC1-681CDDD8144D}.AppStore|iPhoneSimulator.ActiveCfg = Release|Any CPU
		{656A6A00-6E94-40B1-8DC1-681CDDD8144D}.AppStore|iPhoneSimulator.Build.0 = Release|Any CPU
		{656A6A00-6E94-40B1-8DC1-681CDDD8144D}.AppStore|x64.ActiveCfg = Release|Any CPU
		{656A6A00-6E94-40B1-8DC1-681CDDD8144D}.AppStore|x64.Build.0 = Release|Any CPU
		{656A6A00-6E94-40B1-8DC1-681CDDD8144D}.AppStore|x86.ActiveCfg = Release|Any CPU
		{656A6A00-6E94-40B1-8DC1-681CDDD8144D}.AppStore|x86.Build.0 = Release|Any CPU
		{656A6A00-6E94-40B1-8DC1-681CDDD8144D}.Debug|Any CPU.ActiveCfg = Debug|Any CPU
		{656A6A00-6E94-40B1-8DC1-681CDDD8144D}.Debug|Any CPU.Build.0 = Debug|Any CPU
		{656A6A00-6E94-40B1-8DC1-681CDDD8144D}.Debug|ARM.ActiveCfg = Debug|Any CPU
		{656A6A00-6E94-40B1-8DC1-681CDDD8144D}.Debug|ARM.Build.0 = Debug|Any CPU
		{656A6A00-6E94-40B1-8DC1-681CDDD8144D}.Debug|iPhone.ActiveCfg = Debug|Any CPU
		{656A6A00-6E94-40B1-8DC1-681CDDD8144D}.Debug|iPhone.Build.0 = Debug|Any CPU
		{656A6A00-6E94-40B1-8DC1-681CDDD8144D}.Debug|iPhoneSimulator.ActiveCfg = Debug|Any CPU
		{656A6A00-6E94-40B1-8DC1-681CDDD8144D}.Debug|iPhoneSimulator.Build.0 = Debug|Any CPU
		{656A6A00-6E94-40B1-8DC1-681CDDD8144D}.Debug|x64.ActiveCfg = Debug|Any CPU
		{656A6A00-6E94-40B1-8DC1-681CDDD8144D}.Debug|x64.Build.0 = Debug|Any CPU
		{656A6A00-6E94-40B1-8DC1-681CDDD8144D}.Debug|x86.ActiveCfg = Debug|Any CPU
		{656A6A00-6E94-40B1-8DC1-681CDDD8144D}.Debug|x86.Build.0 = Debug|Any CPU
		{656A6A00-6E94-40B1-8DC1-681CDDD8144D}.Release|Any CPU.ActiveCfg = Release|Any CPU
		{656A6A00-6E94-40B1-8DC1-681CDDD8144D}.Release|Any CPU.Build.0 = Release|Any CPU
		{656A6A00-6E94-40B1-8DC1-681CDDD8144D}.Release|ARM.ActiveCfg = Release|Any CPU
		{656A6A00-6E94-40B1-8DC1-681CDDD8144D}.Release|ARM.Build.0 = Release|Any CPU
		{656A6A00-6E94-40B1-8DC1-681CDDD8144D}.Release|iPhone.ActiveCfg = Release|Any CPU
		{656A6A00-6E94-40B1-8DC1-681CDDD8144D}.Release|iPhone.Build.0 = Release|Any CPU
		{656A6A00-6E94-40B1-8DC1-681CDDD8144D}.Release|iPhoneSimulator.ActiveCfg = Release|Any CPU
		{656A6A00-6E94-40B1-8DC1-681CDDD8144D}.Release|iPhoneSimulator.Build.0 = Release|Any CPU
		{656A6A00-6E94-40B1-8DC1-681CDDD8144D}.Release|x64.ActiveCfg = Release|Any CPU
		{656A6A00-6E94-40B1-8DC1-681CDDD8144D}.Release|x64.Build.0 = Release|Any CPU
		{656A6A00-6E94-40B1-8DC1-681CDDD8144D}.Release|x86.ActiveCfg = Release|Any CPU
		{656A6A00-6E94-40B1-8DC1-681CDDD8144D}.Release|x86.Build.0 = Release|Any CPU
	EndGlobalSection
	GlobalSection(SolutionProperties) = preSolution
		HideSolutionNode = FALSE
	EndGlobalSection
EndGlobal
